{
    "version": 3,
    "terraform_version": "0.11.10",
    "serial": 5,
    "lineage": "a42569d5-d0d3-62a6-c2ea-577c088bec9c",
    "modules": [
        {
            "path": [
                "root"
            ],
            "outputs": {},
            "resources": {
                "heroku_addon.db_ci": {
                    "type": "heroku_addon",
                    "depends_on": [
                        "heroku_app.ci"
                    ],
                    "primary": {
                        "id": "8626372c-1440-47ec-9337-807d6956921b",
                        "attributes": {
                            "app": "pgr301-rit-app-ci",
                            "config_vars.#": "1",
                            "config_vars.0": "DATABASE_URL",
                            "id": "8626372c-1440-47ec-9337-807d6956921b",
                            "name": "postgresql-triangular-53055",
                            "plan": "heroku-postgresql:hobby-dev",
                            "provider_id": "15585032"
                        },
                        "meta": {
                            "schema_version": "1"
                        },
                        "tainted": false
                    },
                    "deposed": [],
                    "provider": "provider.heroku"
                },
                "heroku_addon.db_prod": {
                    "type": "heroku_addon",
                    "depends_on": [
                        "heroku_app.production"
                    ],
                    "primary": {
                        "id": "a5635532-8179-4dbf-a483-fc89babeaccd",
                        "attributes": {
                            "app": "pgr301-rit-app-production",
                            "config_vars.#": "1",
                            "config_vars.0": "DATABASE_URL",
                            "id": "a5635532-8179-4dbf-a483-fc89babeaccd",
                            "name": "postgresql-rugged-22401",
                            "plan": "heroku-postgresql:hobby-dev",
                            "provider_id": "15585031"
                        },
                        "meta": {
                            "schema_version": "1"
                        },
                        "tainted": false
                    },
                    "deposed": [],
                    "provider": "provider.heroku"
                },
                "heroku_addon.db_stage": {
                    "type": "heroku_addon",
                    "depends_on": [
                        "heroku_app.staging"
                    ],
                    "primary": {
                        "id": "a5db28f8-0d50-4103-a6ff-a4b7e2cb2e2d",
                        "attributes": {
                            "app": "pgr301-rit-app-staging",
                            "config_vars.#": "1",
                            "config_vars.0": "DATABASE_URL",
                            "id": "a5db28f8-0d50-4103-a6ff-a4b7e2cb2e2d",
                            "name": "postgresql-trapezoidal-45504",
                            "plan": "heroku-postgresql:hobby-dev",
                            "provider_id": "15585033"
                        },
                        "meta": {
                            "schema_version": "1"
                        },
                        "tainted": false
                    },
                    "deposed": [],
                    "provider": "provider.heroku"
                },
                "heroku_app.ci": {
                    "type": "heroku_app",
                    "depends_on": [],
                    "primary": {
                        "id": "pgr301-rit-app-ci",
                        "attributes": {
                            "acm": "false",
                            "all_config_vars.%": "1",
                            "all_config_vars.DATABASE_URL": "postgres://vymmtdgmevmgfk:e4a94599fb71e4bbb6a02b01d8bab9032e015c292305eb6c833da3567ff3f323@ec2-54-217-237-93.eu-west-1.compute.amazonaws.com:5432/d750dodpgm58li",
                            "config_vars.#": "0",
                            "git_url": "https://git.heroku.com/pgr301-rit-app-ci.git",
                            "heroku_hostname": "pgr301-rit-app-ci.herokuapp.com",
                            "id": "pgr301-rit-app-ci",
                            "internal_routing": "false",
                            "name": "pgr301-rit-app-ci",
                            "region": "eu",
                            "stack": "heroku-18",
                            "uuid": "4919b18c-a064-4c78-aa6a-b847945314da",
                            "web_url": "https://pgr301-rit-app-ci.herokuapp.com/"
                        },
                        "meta": {},
                        "tainted": false
                    },
                    "deposed": [],
                    "provider": "provider.heroku"
                },
                "heroku_app.production": {
                    "type": "heroku_app",
                    "depends_on": [],
                    "primary": {
                        "id": "pgr301-rit-app-production",
                        "attributes": {
                            "acm": "false",
                            "all_config_vars.%": "1",
                            "all_config_vars.DATABASE_URL": "postgres://nkvxxlpfcocxat:05a41cf2f930d702f30ab73f5f1b6673443bfb717f1d5db4d8fc2d54d913261e@ec2-54-217-237-93.eu-west-1.compute.amazonaws.com:5432/d19mvvta34s7d6",
                            "config_vars.#": "0",
                            "git_url": "https://git.heroku.com/pgr301-rit-app-production.git",
                            "heroku_hostname": "pgr301-rit-app-production.herokuapp.com",
                            "id": "pgr301-rit-app-production",
                            "internal_routing": "false",
                            "name": "pgr301-rit-app-production",
                            "region": "eu",
                            "stack": "heroku-18",
                            "uuid": "1834dca8-de8e-4a90-a7f2-628f352ecf70",
                            "web_url": "https://pgr301-rit-app-production.herokuapp.com/"
                        },
                        "meta": {},
                        "tainted": false
                    },
                    "deposed": [],
                    "provider": "provider.heroku"
                },
                "heroku_app.staging": {
                    "type": "heroku_app",
                    "depends_on": [],
                    "primary": {
                        "id": "pgr301-rit-app-staging",
                        "attributes": {
                            "acm": "false",
                            "all_config_vars.%": "1",
                            "all_config_vars.DATABASE_URL": "postgres://dnmaimlwtldevs:c368669661923a01b2ff4eb4e3572edc404daf4bc03704cdfdbf302766670cac@ec2-54-217-237-93.eu-west-1.compute.amazonaws.com:5432/d6bmrdecefv53d",
                            "config_vars.#": "0",
                            "git_url": "https://git.heroku.com/pgr301-rit-app-staging.git",
                            "heroku_hostname": "pgr301-rit-app-staging.herokuapp.com",
                            "id": "pgr301-rit-app-staging",
                            "internal_routing": "false",
                            "name": "pgr301-rit-app-staging",
                            "region": "eu",
                            "stack": "heroku-18",
                            "uuid": "d2058f75-710b-4091-9edd-4898b8aa433c",
                            "web_url": "https://pgr301-rit-app-staging.herokuapp.com/"
                        },
                        "meta": {},
                        "tainted": false
                    },
                    "deposed": [],
                    "provider": "provider.heroku"
                },
                "heroku_pipeline.test-app": {
                    "type": "heroku_pipeline",
                    "depends_on": [],
                    "primary": {
                        "id": "66b61801-292b-42b6-afc0-a65cc16c1251",
                        "attributes": {
                            "id": "66b61801-292b-42b6-afc0-a65cc16c1251",
                            "name": "pgr301-ahr"
                        },
                        "meta": {},
                        "tainted": false
                    },
                    "deposed": [],
                    "provider": "provider.heroku"
                },
                "heroku_pipeline_coupling.ci": {
                    "type": "heroku_pipeline_coupling",
                    "depends_on": [
                        "heroku_app.ci",
                        "heroku_pipeline.test-app"
                    ],
                    "primary": {
                        "id": "d0cd8611-ef55-4e12-993d-89b2839885b2",
                        "attributes": {
                            "app": "pgr301-rit-app-ci",
                            "app_id": "4919b18c-a064-4c78-aa6a-b847945314da",
                            "id": "d0cd8611-ef55-4e12-993d-89b2839885b2",
                            "pipeline": "66b61801-292b-42b6-afc0-a65cc16c1251",
                            "stage": "development"
                        },
                        "meta": {},
                        "tainted": false
                    },
                    "deposed": [],
                    "provider": "provider.heroku"
                },
                "heroku_pipeline_coupling.production": {
                    "type": "heroku_pipeline_coupling",
                    "depends_on": [
                        "heroku_app.production",
                        "heroku_pipeline.test-app"
                    ],
                    "primary": {
                        "id": "d700fc9d-a166-4d2a-9976-8054722cdf5d",
                        "attributes": {
                            "app": "pgr301-rit-app-production",
                            "app_id": "1834dca8-de8e-4a90-a7f2-628f352ecf70",
                            "id": "d700fc9d-a166-4d2a-9976-8054722cdf5d",
                            "pipeline": "66b61801-292b-42b6-afc0-a65cc16c1251",
                            "stage": "production"
                        },
                        "meta": {},
                        "tainted": false
                    },
                    "deposed": [],
                    "provider": "provider.heroku"
                },
                "heroku_pipeline_coupling.staging": {
                    "type": "heroku_pipeline_coupling",
                    "depends_on": [
                        "heroku_app.staging",
                        "heroku_pipeline.test-app"
                    ],
                    "primary": {
                        "id": "4c995c07-dca9-4f73-acb2-cc6225d28ea5",
                        "attributes": {
                            "app": "pgr301-rit-app-staging",
                            "app_id": "d2058f75-710b-4091-9edd-4898b8aa433c",
                            "id": "4c995c07-dca9-4f73-acb2-cc6225d28ea5",
                            "pipeline": "66b61801-292b-42b6-afc0-a65cc16c1251",
                            "stage": "staging"
                        },
                        "meta": {},
                        "tainted": false
                    },
                    "deposed": [],
                    "provider": "provider.heroku"
                },
                "statuscake_test.ci": {
                    "type": "statuscake_test",
                    "depends_on": [
                        "heroku_app.ci"
                    ],
                    "primary": {
                        "id": "3657768",
                        "attributes": {
                            "check_rate": "300",
                            "confirmations": "0",
                            "contact_id": "0",
                            "custom_header": "",
                            "do_not_find": "false",
                            "final_endpoint": "",
                            "find_string": "",
                            "follow_redirect": "false",
                            "id": "3657768",
                            "logo_image": "",
                            "node_locations.#": "0",
                            "paused": "false",
                            "port": "0",
                            "post_raw": "",
                            "status": "Up",
                            "status_codes": "",
                            "test_id": "3657768",
                            "test_type": "HTTP",
                            "timeout": "40",
                            "trigger_rate": "5",
                            "uptime": "0",
                            "use_jar": "0",
                            "website_name": "pgr301-rit-app-ci",
                            "website_url": "https://pgr301-rit-app-ci.herokuapp.com/"
                        },
                        "meta": {},
                        "tainted": false
                    },
                    "deposed": [],
                    "provider": "provider.statuscake"
                },
                "statuscake_test.production": {
                    "type": "statuscake_test",
                    "depends_on": [
                        "heroku_app.production"
                    ],
                    "primary": {
                        "id": "3657767",
                        "attributes": {
                            "check_rate": "300",
                            "confirmations": "0",
                            "contact_id": "0",
                            "custom_header": "",
                            "do_not_find": "false",
                            "final_endpoint": "",
                            "find_string": "",
                            "follow_redirect": "false",
                            "id": "3657767",
                            "logo_image": "",
                            "node_locations.#": "0",
                            "paused": "false",
                            "port": "0",
                            "post_raw": "",
                            "status": "Up",
                            "status_codes": "",
                            "test_id": "3657767",
                            "test_type": "HTTP",
                            "timeout": "40",
                            "trigger_rate": "5",
                            "uptime": "0",
                            "use_jar": "0",
                            "website_name": "pgr301-rit-app-production",
                            "website_url": "https://pgr301-rit-app-production.herokuapp.com/"
                        },
                        "meta": {},
                        "tainted": false
                    },
                    "deposed": [],
                    "provider": "provider.statuscake"
                },
                "statuscake_test.stage": {
                    "type": "statuscake_test",
                    "depends_on": [
                        "heroku_app.staging"
                    ],
                    "primary": {
                        "id": "3657766",
                        "attributes": {
                            "check_rate": "300",
                            "confirmations": "0",
                            "contact_id": "0",
                            "custom_header": "",
                            "do_not_find": "false",
                            "final_endpoint": "",
                            "find_string": "",
                            "follow_redirect": "false",
                            "id": "3657766",
                            "logo_image": "",
                            "node_locations.#": "0",
                            "paused": "false",
                            "port": "0",
                            "post_raw": "",
                            "status": "Up",
                            "status_codes": "",
                            "test_id": "3657766",
                            "test_type": "HTTP",
                            "timeout": "40",
                            "trigger_rate": "5",
                            "uptime": "0",
                            "use_jar": "0",
                            "website_name": "pgr301-rit-app-staging",
                            "website_url": "https://pgr301-rit-app-staging.herokuapp.com/"
                        },
                        "meta": {},
                        "tainted": false
                    },
                    "deposed": [],
                    "provider": "provider.statuscake"
                }
            },
            "depends_on": []
        }
    ]
}
